Microsoft Visual Studio Solution File, Format Version 11.00
# Visual Studio 2010
Project("{8BC9CEB8-8B4A-11D0-8D11-00A0C91BC942}") = "LynxEngine", "LynxEngine.vcxproj", "{628A33D2-4777-42FF-8ABB-E9941EF092B7}"
EndProject
Project("{FAE04EC0-301F-11D3-BF4B-00C04F79EFBC}") = "mono_script", "..\..\mono_script\mono_script.csproj", "{211DBFA0-AF91-4E74-A9CE-043E41BBDD00}"
EndProject
Global
	GlobalSection(SourceCodeControl) = preSolution
		SccNumberOfProjects = 2
		SccLocalPath0 = .
		SccProjectUniqueName1 = LynxEngine.vcxproj
		SccLocalPath1 = ..\\..\\..\\..
		SccProjectFilePathRelativizedFromConnection1 = LynxEngine\\Current\\proj\\Win32\\
	EndGlobalSection
	GlobalSection(SolutionConfigurationPlatforms) = preSolution
		Debug Unicode|Any CPU = Debug Unicode|Any CPU
		Debug Unicode|Mixed Platforms = Debug Unicode|Mixed Platforms
		Debug Unicode|Tegra-Android = Debug Unicode|Tegra-Android
		Debug Unicode|Win32 = Debug Unicode|Win32
		Debug Unicode|x64 = Debug Unicode|x64
		Debug Unicode|x86 = Debug Unicode|x86
		Debug|Any CPU = Debug|Any CPU
		Debug|Mixed Platforms = Debug|Mixed Platforms
		Debug|Tegra-Android = Debug|Tegra-Android
		Debug|Win32 = Debug|Win32
		Debug|x64 = Debug|x64
		Debug|x86 = Debug|x86
		Release Unicode|Any CPU = Release Unicode|Any CPU
		Release Unicode|Mixed Platforms = Release Unicode|Mixed Platforms
		Release Unicode|Tegra-Android = Release Unicode|Tegra-Android
		Release Unicode|Win32 = Release Unicode|Win32
		Release Unicode|x64 = Release Unicode|x64
		Release Unicode|x86 = Release Unicode|x86
		Release|Any CPU = Release|Any CPU
		Release|Mixed Platforms = Release|Mixed Platforms
		Release|Tegra-Android = Release|Tegra-Android
		Release|Win32 = Release|Win32
		Release|x64 = Release|x64
		Release|x86 = Release|x86
		Tool Debug Unicode|Any CPU = Tool Debug Unicode|Any CPU
		Tool Debug Unicode|Mixed Platforms = Tool Debug Unicode|Mixed Platforms
		Tool Debug Unicode|Tegra-Android = Tool Debug Unicode|Tegra-Android
		Tool Debug Unicode|Win32 = Tool Debug Unicode|Win32
		Tool Debug Unicode|x64 = Tool Debug Unicode|x64
		Tool Debug Unicode|x86 = Tool Debug Unicode|x86
		Tool Debug|Any CPU = Tool Debug|Any CPU
		Tool Debug|Mixed Platforms = Tool Debug|Mixed Platforms
		Tool Debug|Tegra-Android = Tool Debug|Tegra-Android
		Tool Debug|Win32 = Tool Debug|Win32
		Tool Debug|x64 = Tool Debug|x64
		Tool Debug|x86 = Tool Debug|x86
		Tool Release Unicode|Any CPU = Tool Release Unicode|Any CPU
		Tool Release Unicode|Mixed Platforms = Tool Release Unicode|Mixed Platforms
		Tool Release Unicode|Tegra-Android = Tool Release Unicode|Tegra-Android
		Tool Release Unicode|Win32 = Tool Release Unicode|Win32
		Tool Release Unicode|x64 = Tool Release Unicode|x64
		Tool Release Unicode|x86 = Tool Release Unicode|x86
		Web Debug Unicode|Any CPU = Web Debug Unicode|Any CPU
		Web Debug Unicode|Mixed Platforms = Web Debug Unicode|Mixed Platforms
		Web Debug Unicode|Tegra-Android = Web Debug Unicode|Tegra-Android
		Web Debug Unicode|Win32 = Web Debug Unicode|Win32
		Web Debug Unicode|x64 = Web Debug Unicode|x64
		Web Debug Unicode|x86 = Web Debug Unicode|x86
	EndGlobalSection
	GlobalSection(ProjectConfigurationPlatforms) = postSolution
		{628A33D2-4777-42FF-8ABB-E9941EF092B7}.Debug Unicode|Any CPU.ActiveCfg = Debug Unicode|Win32
		{628A33D2-4777-42FF-8ABB-E9941EF092B7}.Debug Unicode|Mixed Platforms.ActiveCfg = Debug Unicode|x64
		{628A33D2-4777-42FF-8ABB-E9941EF092B7}.Debug Unicode|Mixed Platforms.Build.0 = Debug Unicode|x64
		{628A33D2-4777-42FF-8ABB-E9941EF092B7}.Debug Unicode|Tegra-Android.ActiveCfg = Debug Unicode|Tegra-Android
		{628A33D2-4777-42FF-8ABB-E9941EF092B7}.Debug Unicode|Tegra-Android.Build.0 = Debug Unicode|Tegra-Android
		{628A33D2-4777-42FF-8ABB-E9941EF092B7}.Debug Unicode|Win32.ActiveCfg = Debug Unicode|Win32
		{628A33D2-4777-42FF-8ABB-E9941EF092B7}.Debug Unicode|Win32.Build.0 = Debug Unicode|Win32
		{628A33D2-4777-42FF-8ABB-E9941EF092B7}.Debug Unicode|x64.ActiveCfg = Debug Unicode|x64
		{628A33D2-4777-42FF-8ABB-E9941EF092B7}.Debug Unicode|x64.Build.0 = Debug Unicode|x64
		{628A33D2-4777-42FF-8ABB-E9941EF092B7}.Debug Unicode|x86.ActiveCfg = Debug Unicode|Win32
		{628A33D2-4777-42FF-8ABB-E9941EF092B7}.Debug|Any CPU.ActiveCfg = Debug|Win32
		{628A33D2-4777-42FF-8ABB-E9941EF092B7}.Debug|Mixed Platforms.ActiveCfg = Debug|x64
		{628A33D2-4777-42FF-8ABB-E9941EF092B7}.Debug|Mixed Platforms.Build.0 = Debug|x64
		{628A33D2-4777-42FF-8ABB-E9941EF092B7}.Debug|Tegra-Android.ActiveCfg = Debug|Tegra-Android
		{628A33D2-4777-42FF-8ABB-E9941EF092B7}.Debug|Tegra-Android.Build.0 = Debug|Tegra-Android
		{628A33D2-4777-42FF-8ABB-E9941EF092B7}.Debug|Win32.ActiveCfg = Debug|Win32
		{628A33D2-4777-42FF-8ABB-E9941EF092B7}.Debug|Win32.Build.0 = Debug|Win32
		{628A33D2-4777-42FF-8ABB-E9941EF092B7}.Debug|x64.ActiveCfg = Debug|x64
		{628A33D2-4777-42FF-8ABB-E9941EF092B7}.Debug|x64.Build.0 = Debug|x64
		{628A33D2-4777-42FF-8ABB-E9941EF092B7}.Debug|x86.ActiveCfg = Debug|x64
		{628A33D2-4777-42FF-8ABB-E9941EF092B7}.Release Unicode|Any CPU.ActiveCfg = Release Unicode|x64
		{628A33D2-4777-42FF-8ABB-E9941EF092B7}.Release Unicode|Mixed Platforms.ActiveCfg = Release Unicode|x64
		{628A33D2-4777-42FF-8ABB-E9941EF092B7}.Release Unicode|Mixed Platforms.Build.0 = Release Unicode|x64
		{628A33D2-4777-42FF-8ABB-E9941EF092B7}.Release Unicode|Tegra-Android.ActiveCfg = Release Unicode|Tegra-Android
		{628A33D2-4777-42FF-8ABB-E9941EF092B7}.Release Unicode|Tegra-Android.Build.0 = Release Unicode|Tegra-Android
		{628A33D2-4777-42FF-8ABB-E9941EF092B7}.Release Unicode|Win32.ActiveCfg = Release Unicode|Win32
		{628A33D2-4777-42FF-8ABB-E9941EF092B7}.Release Unicode|Win32.Build.0 = Release Unicode|Win32
		{628A33D2-4777-42FF-8ABB-E9941EF092B7}.Release Unicode|x64.ActiveCfg = Release Unicode|x64
		{628A33D2-4777-42FF-8ABB-E9941EF092B7}.Release Unicode|x64.Build.0 = Release Unicode|x64
		{628A33D2-4777-42FF-8ABB-E9941EF092B7}.Release Unicode|x86.ActiveCfg = Release Unicode|x64
		{628A33D2-4777-42FF-8ABB-E9941EF092B7}.Release|Any CPU.ActiveCfg = Release|x64
		{628A33D2-4777-42FF-8ABB-E9941EF092B7}.Release|Mixed Platforms.ActiveCfg = Release|x64
		{628A33D2-4777-42FF-8ABB-E9941EF092B7}.Release|Mixed Platforms.Build.0 = Release|x64
		{628A33D2-4777-42FF-8ABB-E9941EF092B7}.Release|Tegra-Android.ActiveCfg = Release|Tegra-Android
		{628A33D2-4777-42FF-8ABB-E9941EF092B7}.Release|Tegra-Android.Build.0 = Release|Tegra-Android
		{628A33D2-4777-42FF-8ABB-E9941EF092B7}.Release|Win32.ActiveCfg = Release|Win32
		{628A33D2-4777-42FF-8ABB-E9941EF092B7}.Release|Win32.Build.0 = Release|Win32
		{628A33D2-4777-42FF-8ABB-E9941EF092B7}.Release|x64.ActiveCfg = Release|x64
		{628A33D2-4777-42FF-8ABB-E9941EF092B7}.Release|x64.Build.0 = Release|x64
		{628A33D2-4777-42FF-8ABB-E9941EF092B7}.Release|x86.ActiveCfg = Release|x64
		{628A33D2-4777-42FF-8ABB-E9941EF092B7}.Tool Debug Unicode|Any CPU.ActiveCfg = Tool Debug Unicode|x64
		{628A33D2-4777-42FF-8ABB-E9941EF092B7}.Tool Debug Unicode|Mixed Platforms.ActiveCfg = Tool Debug Unicode|x64
		{628A33D2-4777-42FF-8ABB-E9941EF092B7}.Tool Debug Unicode|Mixed Platforms.Build.0 = Tool Debug Unicode|x64
		{628A33D2-4777-42FF-8ABB-E9941EF092B7}.Tool Debug Unicode|Tegra-Android.ActiveCfg = Tool Debug Unicode|Tegra-Android
		{628A33D2-4777-42FF-8ABB-E9941EF092B7}.Tool Debug Unicode|Tegra-Android.Build.0 = Tool Debug Unicode|Tegra-Android
		{628A33D2-4777-42FF-8ABB-E9941EF092B7}.Tool Debug Unicode|Win32.ActiveCfg = Tool Debug Unicode|Win32
		{628A33D2-4777-42FF-8ABB-E9941EF092B7}.Tool Debug Unicode|Win32.Build.0 = Tool Debug Unicode|Win32
		{628A33D2-4777-42FF-8ABB-E9941EF092B7}.Tool Debug Unicode|x64.ActiveCfg = Tool Debug Unicode|x64
		{628A33D2-4777-42FF-8ABB-E9941EF092B7}.Tool Debug Unicode|x64.Build.0 = Tool Debug Unicode|x64
		{628A33D2-4777-42FF-8ABB-E9941EF092B7}.Tool Debug Unicode|x86.ActiveCfg = Tool Debug Unicode|x64
		{628A33D2-4777-42FF-8ABB-E9941EF092B7}.Tool Debug|Any CPU.ActiveCfg = Tool Debug|x64
		{628A33D2-4777-42FF-8ABB-E9941EF092B7}.Tool Debug|Mixed Platforms.ActiveCfg = Tool Debug|x64
		{628A33D2-4777-42FF-8ABB-E9941EF092B7}.Tool Debug|Mixed Platforms.Build.0 = Tool Debug|x64
		{628A33D2-4777-42FF-8ABB-E9941EF092B7}.Tool Debug|Tegra-Android.ActiveCfg = Tool Debug|Tegra-Android
		{628A33D2-4777-42FF-8ABB-E9941EF092B7}.Tool Debug|Tegra-Android.Build.0 = Tool Debug|Tegra-Android
		{628A33D2-4777-42FF-8ABB-E9941EF092B7}.Tool Debug|Win32.ActiveCfg = Tool Debug|Win32
		{628A33D2-4777-42FF-8ABB-E9941EF092B7}.Tool Debug|Win32.Build.0 = Tool Debug|Win32
		{628A33D2-4777-42FF-8ABB-E9941EF092B7}.Tool Debug|x64.ActiveCfg = Tool Debug|x64
		{628A33D2-4777-42FF-8ABB-E9941EF092B7}.Tool Debug|x64.Build.0 = Tool Debug|x64
		{628A33D2-4777-42FF-8ABB-E9941EF092B7}.Tool Debug|x86.ActiveCfg = Tool Debug|x64
		{628A33D2-4777-42FF-8ABB-E9941EF092B7}.Tool Release Unicode|Any CPU.ActiveCfg = Tool Release Unicode|x64
		{628A33D2-4777-42FF-8ABB-E9941EF092B7}.Tool Release Unicode|Mixed Platforms.ActiveCfg = Tool Release Unicode|x64
		{628A33D2-4777-42FF-8ABB-E9941EF092B7}.Tool Release Unicode|Mixed Platforms.Build.0 = Tool Release Unicode|x64
		{628A33D2-4777-42FF-8ABB-E9941EF092B7}.Tool Release Unicode|Tegra-Android.ActiveCfg = Tool Release Unicode|Tegra-Android
		{628A33D2-4777-42FF-8ABB-E9941EF092B7}.Tool Release Unicode|Tegra-Android.Build.0 = Tool Release Unicode|Tegra-Android
		{628A33D2-4777-42FF-8ABB-E9941EF092B7}.Tool Release Unicode|Win32.ActiveCfg = Tool Release Unicode|Win32
		{628A33D2-4777-42FF-8ABB-E9941EF092B7}.Tool Release Unicode|Win32.Build.0 = Tool Release Unicode|Win32
		{628A33D2-4777-42FF-8ABB-E9941EF092B7}.Tool Release Unicode|x64.ActiveCfg = Tool Release Unicode|x64
		{628A33D2-4777-42FF-8ABB-E9941EF092B7}.Tool Release Unicode|x64.Build.0 = Tool Release Unicode|x64
		{628A33D2-4777-42FF-8ABB-E9941EF092B7}.Tool Release Unicode|x86.ActiveCfg = Tool Release Unicode|x64
		{628A33D2-4777-42FF-8ABB-E9941EF092B7}.Web Debug Unicode|Any CPU.ActiveCfg = Web Debug Unicode|x64
		{628A33D2-4777-42FF-8ABB-E9941EF092B7}.Web Debug Unicode|Mixed Platforms.ActiveCfg = Web Debug Unicode|x64
		{628A33D2-4777-42FF-8ABB-E9941EF092B7}.Web Debug Unicode|Mixed Platforms.Build.0 = Web Debug Unicode|x64
		{628A33D2-4777-42FF-8ABB-E9941EF092B7}.Web Debug Unicode|Tegra-Android.ActiveCfg = Web Debug Unicode|Tegra-Android
		{628A33D2-4777-42FF-8ABB-E9941EF092B7}.Web Debug Unicode|Tegra-Android.Build.0 = Web Debug Unicode|Tegra-Android
		{628A33D2-4777-42FF-8ABB-E9941EF092B7}.Web Debug Unicode|Win32.ActiveCfg = Web Debug Unicode|Win32
		{628A33D2-4777-42FF-8ABB-E9941EF092B7}.Web Debug Unicode|Win32.Build.0 = Web Debug Unicode|Win32
		{628A33D2-4777-42FF-8ABB-E9941EF092B7}.Web Debug Unicode|x64.ActiveCfg = Web Debug Unicode|x64
		{628A33D2-4777-42FF-8ABB-E9941EF092B7}.Web Debug Unicode|x64.Build.0 = Web Debug Unicode|x64
		{628A33D2-4777-42FF-8ABB-E9941EF092B7}.Web Debug Unicode|x86.ActiveCfg = Web Debug Unicode|x64
		{211DBFA0-AF91-4E74-A9CE-043E41BBDD00}.Debug Unicode|Any CPU.ActiveCfg = Debug|x86
		{211DBFA0-AF91-4E74-A9CE-043E41BBDD00}.Debug Unicode|Mixed Platforms.ActiveCfg = Debug|x86
		{211DBFA0-AF91-4E74-A9CE-043E41BBDD00}.Debug Unicode|Mixed Platforms.Build.0 = Debug|x86
		{211DBFA0-AF91-4E74-A9CE-043E41BBDD00}.Debug Unicode|Tegra-Android.ActiveCfg = Debug|x64
		{211DBFA0-AF91-4E74-A9CE-043E41BBDD00}.Debug Unicode|Win32.ActiveCfg = Debug|Any CPU
		{211DBFA0-AF91-4E74-A9CE-043E41BBDD00}.Debug Unicode|Win32.Build.0 = Debug|Any CPU
		{211DBFA0-AF91-4E74-A9CE-043E41BBDD00}.Debug Unicode|x64.ActiveCfg = Web Debug Unicode|x64
		{211DBFA0-AF91-4E74-A9CE-043E41BBDD00}.Debug Unicode|x64.Build.0 = Web Debug Unicode|x64
		{211DBFA0-AF91-4E74-A9CE-043E41BBDD00}.Debug Unicode|x86.ActiveCfg = Debug|x86
		{211DBFA0-AF91-4E74-A9CE-043E41BBDD00}.Debug Unicode|x86.Build.0 = Debug|x86
		{211DBFA0-AF91-4E74-A9CE-043E41BBDD00}.Debug|Any CPU.ActiveCfg = Debug|Any CPU
		{211DBFA0-AF91-4E74-A9CE-043E41BBDD00}.Debug|Any CPU.Build.0 = Debug|Any CPU
		{211DBFA0-AF91-4E74-A9CE-043E41BBDD00}.Debug|Mixed Platforms.ActiveCfg = Debug|x86
		{211DBFA0-AF91-4E74-A9CE-043E41BBDD00}.Debug|Mixed Platforms.Build.0 = Debug|x86
		{211DBFA0-AF91-4E74-A9CE-043E41BBDD00}.Debug|Tegra-Android.ActiveCfg = Debug|x86
		{211DBFA0-AF91-4E74-A9CE-043E41BBDD00}.Debug|Win32.ActiveCfg = Debug|x86
		{211DBFA0-AF91-4E74-A9CE-043E41BBDD00}.Debug|x64.ActiveCfg = Debug|x64
		{211DBFA0-AF91-4E74-A9CE-043E41BBDD00}.Debug|x64.Build.0 = Debug|x64
		{211DBFA0-AF91-4E74-A9CE-043E41BBDD00}.Debug|x86.ActiveCfg = Debug|x86
		{211DBFA0-AF91-4E74-A9CE-043E41BBDD00}.Debug|x86.Build.0 = Debug|x86
		{211DBFA0-AF91-4E74-A9CE-043E41BBDD00}.Release Unicode|Any CPU.ActiveCfg = Release Unicode|Any CPU
		{211DBFA0-AF91-4E74-A9CE-043E41BBDD00}.Release Unicode|Any CPU.Build.0 = Release Unicode|Any CPU
		{211DBFA0-AF91-4E74-A9CE-043E41BBDD00}.Release Unicode|Mixed Platforms.ActiveCfg = Release Unicode|x86
		{211DBFA0-AF91-4E74-A9CE-043E41BBDD00}.Release Unicode|Mixed Platforms.Build.0 = Release Unicode|x86
		{211DBFA0-AF91-4E74-A9CE-043E41BBDD00}.Release Unicode|Tegra-Android.ActiveCfg = Release Unicode|x64
		{211DBFA0-AF91-4E74-A9CE-043E41BBDD00}.Release Unicode|Win32.ActiveCfg = Release Unicode|x86
		{211DBFA0-AF91-4E74-A9CE-043E41BBDD00}.Release Unicode|x64.ActiveCfg = Release Unicode|x64
		{211DBFA0-AF91-4E74-A9CE-043E41BBDD00}.Release Unicode|x64.Build.0 = Release Unicode|x64
		{211DBFA0-AF91-4E74-A9CE-043E41BBDD00}.Release Unicode|x86.ActiveCfg = Release Unicode|x86
		{211DBFA0-AF91-4E74-A9CE-043E41BBDD00}.Release Unicode|x86.Build.0 = Release Unicode|x86
		{211DBFA0-AF91-4E74-A9CE-043E41BBDD00}.Release|Any CPU.ActiveCfg = Release|Any CPU
		{211DBFA0-AF91-4E74-A9CE-043E41BBDD00}.Release|Any CPU.Build.0 = Release|Any CPU
		{211DBFA0-AF91-4E74-A9CE-043E41BBDD00}.Release|Mixed Platforms.ActiveCfg = Release|x86
		{211DBFA0-AF91-4E74-A9CE-043E41BBDD00}.Release|Mixed Platforms.Build.0 = Release|x86
		{211DBFA0-AF91-4E74-A9CE-043E41BBDD00}.Release|Tegra-Android.ActiveCfg = Release|x64
		{211DBFA0-AF91-4E74-A9CE-043E41BBDD00}.Release|Win32.ActiveCfg = Release|x86
		{211DBFA0-AF91-4E74-A9CE-043E41BBDD00}.Release|x64.ActiveCfg = Release|x64
		{211DBFA0-AF91-4E74-A9CE-043E41BBDD00}.Release|x64.Build.0 = Release|x64
		{211DBFA0-AF91-4E74-A9CE-043E41BBDD00}.Release|x86.ActiveCfg = Release|x86
		{211DBFA0-AF91-4E74-A9CE-043E41BBDD00}.Release|x86.Build.0 = Release|x86
		{211DBFA0-AF91-4E74-A9CE-043E41BBDD00}.Tool Debug Unicode|Any CPU.ActiveCfg = Debug|x86
		{211DBFA0-AF91-4E74-A9CE-043E41BBDD00}.Tool Debug Unicode|Mixed Platforms.ActiveCfg = Debug|x86
		{211DBFA0-AF91-4E74-A9CE-043E41BBDD00}.Tool Debug Unicode|Mixed Platforms.Build.0 = Debug|x86
		{211DBFA0-AF91-4E74-A9CE-043E41BBDD00}.Tool Debug Unicode|Tegra-Android.ActiveCfg = Tool Release Unicode|x64
		{211DBFA0-AF91-4E74-A9CE-043E41BBDD00}.Tool Debug Unicode|Win32.ActiveCfg = Debug|Any CPU
		{211DBFA0-AF91-4E74-A9CE-043E41BBDD00}.Tool Debug Unicode|x64.ActiveCfg = Tool Release Unicode|x64
		{211DBFA0-AF91-4E74-A9CE-043E41BBDD00}.Tool Debug Unicode|x64.Build.0 = Tool Release Unicode|x64
		{211DBFA0-AF91-4E74-A9CE-043E41BBDD00}.Tool Debug Unicode|x86.ActiveCfg = Debug|x86
		{211DBFA0-AF91-4E74-A9CE-043E41BBDD00}.Tool Debug Unicode|x86.Build.0 = Debug|x86
		{211DBFA0-AF91-4E74-A9CE-043E41BBDD00}.Tool Debug|Any CPU.ActiveCfg = Release|x86
		{211DBFA0-AF91-4E74-A9CE-043E41BBDD00}.Tool Debug|Mixed Platforms.ActiveCfg = Release|x86
		{211DBFA0-AF91-4E74-A9CE-043E41BBDD00}.Tool Debug|Mixed Platforms.Build.0 = Release|x86
		{211DBFA0-AF91-4E74-A9CE-043E41BBDD00}.Tool Debug|Tegra-Android.ActiveCfg = Tool Release Unicode|x64
		{211DBFA0-AF91-4E74-A9CE-043E41BBDD00}.Tool Debug|Win32.ActiveCfg = Release|x86
		{211DBFA0-AF91-4E74-A9CE-043E41BBDD00}.Tool Debug|x64.ActiveCfg = Debug|x64
		{211DBFA0-AF91-4E74-A9CE-043E41BBDD00}.Tool Debug|x64.Build.0 = Debug|x64
		{211DBFA0-AF91-4E74-A9CE-043E41BBDD00}.Tool Debug|x86.ActiveCfg = Release|x86
		{211DBFA0-AF91-4E74-A9CE-043E41BBDD00}.Tool Debug|x86.Build.0 = Release|x86
		{211DBFA0-AF91-4E74-A9CE-043E41BBDD00}.Tool Release Unicode|Any CPU.ActiveCfg = Tool Release Unicode|Any CPU
		{211DBFA0-AF91-4E74-A9CE-043E41BBDD00}.Tool Release Unicode|Mixed Platforms.ActiveCfg = Tool Release Unicode|x86
		{211DBFA0-AF91-4E74-A9CE-043E41BBDD00}.Tool Release Unicode|Mixed Platforms.Build.0 = Tool Release Unicode|x86
		{211DBFA0-AF91-4E74-A9CE-043E41BBDD00}.Tool Release Unicode|Tegra-Android.ActiveCfg = Tool Release Unicode|x64
		{211DBFA0-AF91-4E74-A9CE-043E41BBDD00}.Tool Release Unicode|Win32.ActiveCfg = Release|x86
		{211DBFA0-AF91-4E74-A9CE-043E41BBDD00}.Tool Release Unicode|x64.ActiveCfg = Tool Release Unicode|x64
		{211DBFA0-AF91-4E74-A9CE-043E41BBDD00}.Tool Release Unicode|x64.Build.0 = Tool Release Unicode|x64
		{211DBFA0-AF91-4E74-A9CE-043E41BBDD00}.Tool Release Unicode|x86.ActiveCfg = Tool Release Unicode|x86
		{211DBFA0-AF91-4E74-A9CE-043E41BBDD00}.Web Debug Unicode|Any CPU.ActiveCfg = Web Debug Unicode|Any CPU
		{211DBFA0-AF91-4E74-A9CE-043E41BBDD00}.Web Debug Unicode|Any CPU.Build.0 = Web Debug Unicode|Any CPU
		{211DBFA0-AF91-4E74-A9CE-043E41BBDD00}.Web Debug Unicode|Mixed Platforms.ActiveCfg = Web Debug Unicode|x86
		{211DBFA0-AF91-4E74-A9CE-043E41BBDD00}.Web Debug Unicode|Mixed Platforms.Build.0 = Web Debug Unicode|x86
		{211DBFA0-AF91-4E74-A9CE-043E41BBDD00}.Web Debug Unicode|Tegra-Android.ActiveCfg = Web Debug Unicode|x64
		{211DBFA0-AF91-4E74-A9CE-043E41BBDD00}.Web Debug Unicode|Win32.ActiveCfg = Web Debug Unicode|Any CPU
		{211DBFA0-AF91-4E74-A9CE-043E41BBDD00}.Web Debug Unicode|x64.ActiveCfg = Web Debug Unicode|x64
		{211DBFA0-AF91-4E74-A9CE-043E41BBDD00}.Web Debug Unicode|x64.Build.0 = Web Debug Unicode|x64
		{211DBFA0-AF91-4E74-A9CE-043E41BBDD00}.Web Debug Unicode|x86.ActiveCfg = Web Debug Unicode|x86
		{211DBFA0-AF91-4E74-A9CE-043E41BBDD00}.Web Debug Unicode|x86.Build.0 = Web Debug Unicode|x86
	EndGlobalSection
	GlobalSection(SolutionProperties) = preSolution
		HideSolutionNode = FALSE
	EndGlobalSection
EndGlobal
