
Microsoft Visual Studio Solution File, Format Version 10.00
# Visual Studio 2008
Project("{FAE04EC0-301F-11D3-BF4B-00C04F79EFBC}") = "mono_script", "mono_script.csproj", "{211DBFA0-AF91-4E74-A9CE-043E41BBDD00}"
EndProject
Global
	GlobalSection(SolutionConfigurationPlatforms) = preSolution
		Debug|Any CPU = Debug|Any CPU
		Release|Any CPU = Release|Any CPU
	EndGlobalSection
	GlobalSection(ProjectConfigurationPlatforms) = postSolution
		{211DBFA0-AF91-4E74-A9CE-043E41BBDD00}.Debug|Any CPU.ActiveCfg = Debug|Any CPU
		{211DBFA0-AF91-4E74-A9CE-043E41BBDD00}.Debug|Any CPU.Build.0 = Debug|Any CPU
		{211DBFA0-AF91-4E74-A9CE-043E41BBDD00}.Release|Any CPU.ActiveCfg = Release|Any CPU
		{211DBFA0-AF91-4E74-A9CE-043E41BBDD00}.Release|Any CPU.Build.0 = Release|Any CPU
	EndGlobalSection
	GlobalSection(SolutionProperties) = preSolution
		HideSolutionNode = FALSE
	EndGlobalSection
EndGlobal
